
Microsoft Visual Studio Solution File, Format Version 12.00
# Visual Studio Version 16
VisualStudioVersion = 16.0.31515.178
MinimumVisualStudioVersion = 10.0.40219.1
Project("{2150E333-8FDC-42A3-9474-1A3956D46DE8}") = "Solution Items", "Solution Items", "{9E6B3F10-C94B-4FBC-AC7E-DE2BE1196531}"
	ProjectSection(SolutionItems) = preProject
		.editorconfig = .editorconfig
		CONTRIBUTING.md = CONTRIBUTING.md
		CREDITS.md = CREDITS.md
		LICENSE.md = LICENSE.md
		README.md = README.md
	EndProjectSection
EndProject
Project("{9A19103F-16F7-4668-BE54-9A1E7A4F7556}") = "_build", "build\_build.csproj", "{CBC741BD-9A25-4096-AD32-2FF1BEA9B504}"
EndProject
Project("{9A19103F-16F7-4668-BE54-9A1E7A4F7556}") = "dosymep.SimpleServices", "src\dosymep.SimpleServices\dosymep.SimpleServices.csproj", "{FEA822F8-6E69-4BC1-8366-2EEAF94B092C}"
EndProject
Project("{FAE04EC0-301F-11D3-BF4B-00C04F79EFBC}") = "dosymep.WpfCore", "src\dosymep.WpfCore\dosymep.WpfCore.csproj", "{7ACB8D10-9B80-40FA-BBF0-53D3429D6A62}"
EndProject
Project("{FAE04EC0-301F-11D3-BF4B-00C04F79EFBC}") = "dosymep.WpfCore.Ninject", "src\dosymep.WpfCore.Ninject\dosymep.WpfCore.Ninject.csproj", "{E7DA1D93-4785-42F2-9BA5-D4B78E345ED6}"
EndProject
Project("{FAE04EC0-301F-11D3-BF4B-00C04F79EFBC}") = "dosymep.WpfUI.Core", "src\dosymep.WpfUI.Core\dosymep.WpfUI.Core.csproj", "{657DB082-D554-4D31-8848-86A108DCD0F4}"
EndProject
Project("{FAE04EC0-301F-11D3-BF4B-00C04F79EFBC}") = "dosymep.WpfUI.Core.Ninject", "src\dosymep.WpfUI.Core.Ninject\dosymep.WpfUI.Core.Ninject.csproj", "{41C385FE-AC37-42CD-8939-A0B25C07B825}"
EndProject
Project("{FAE04EC0-301F-11D3-BF4B-00C04F79EFBC}") = "dosymep.Xpf.Core", "src\dosymep.Xpf.Core\dosymep.Xpf.Core.csproj", "{05FD14D1-F6C7-4D93-83E9-8F6A4E5535F3}"
EndProject
Project("{FAE04EC0-301F-11D3-BF4B-00C04F79EFBC}") = "dosymep.Xpf.Core.Ninject", "src\dosymep.Xpf.Core.Ninject\dosymep.Xpf.Core.Ninject.csproj", "{B8C5A9AE-F0F8-4914-8587-5AF42EE53C97}"
EndProject
Project("{FAE04EC0-301F-11D3-BF4B-00C04F79EFBC}") = "WpfUIDemoApp", "samples\WpfUIDemoApp\WpfUIDemoApp.csproj", "{E28CC1B6-3299-498F-82AC-48EA1C344C48}"
EndProject
Project("{2150E333-8FDC-42A3-9474-1A3956D46DE8}") = "tests", "tests", "{6818E761-7593-48A3-B359-DE5DED96C2AD}"
EndProject
Project("{2150E333-8FDC-42A3-9474-1A3956D46DE8}") = "samples", "samples", "{6A2EC13C-F7E2-4AA7-A2F4-836D9A430230}"
EndProject
Project("{2150E333-8FDC-42A3-9474-1A3956D46DE8}") = "src", "src", "{E2F0449E-146C-4D5F-A6D5-4DDCD49D3C0D}"
EndProject
Global
	GlobalSection(SolutionConfigurationPlatforms) = preSolution
		Debug|Any CPU = Debug|Any CPU
		Release|Any CPU = Release|Any CPU
	EndGlobalSection
	GlobalSection(ProjectConfigurationPlatforms) = postSolution
		{CBC741BD-9A25-4096-AD32-2FF1BEA9B504}.Debug|Any CPU.ActiveCfg = Debug|Any CPU
		{CBC741BD-9A25-4096-AD32-2FF1BEA9B504}.Release|Any CPU.ActiveCfg = Release|Any CPU
		{FEA822F8-6E69-4BC1-8366-2EEAF94B092C}.Debug|Any CPU.ActiveCfg = Debug|Any CPU
		{FEA822F8-6E69-4BC1-8366-2EEAF94B092C}.Debug|Any CPU.Build.0 = Debug|Any CPU
		{FEA822F8-6E69-4BC1-8366-2EEAF94B092C}.Release|Any CPU.ActiveCfg = Release|Any CPU
		{FEA822F8-6E69-4BC1-8366-2EEAF94B092C}.Release|Any CPU.Build.0 = Release|Any CPU
		{05FD14D1-F6C7-4D93-83E9-8F6A4E5535F3}.Debug|Any CPU.ActiveCfg = Debug|Any CPU
		{05FD14D1-F6C7-4D93-83E9-8F6A4E5535F3}.Debug|Any CPU.Build.0 = Debug|Any CPU
		{05FD14D1-F6C7-4D93-83E9-8F6A4E5535F3}.Release|Any CPU.ActiveCfg = Release|Any CPU
		{05FD14D1-F6C7-4D93-83E9-8F6A4E5535F3}.Release|Any CPU.Build.0 = Release|Any CPU
		{B8C5A9AE-F0F8-4914-8587-5AF42EE53C97}.Debug|Any CPU.ActiveCfg = Debug|Any CPU
		{B8C5A9AE-F0F8-4914-8587-5AF42EE53C97}.Debug|Any CPU.Build.0 = Debug|Any CPU
		{B8C5A9AE-F0F8-4914-8587-5AF42EE53C97}.Release|Any CPU.ActiveCfg = Release|Any CPU
		{B8C5A9AE-F0F8-4914-8587-5AF42EE53C97}.Release|Any CPU.Build.0 = Release|Any CPU
		{657DB082-D554-4D31-8848-86A108DCD0F4}.Debug|Any CPU.ActiveCfg = Debug|Any CPU
		{657DB082-D554-4D31-8848-86A108DCD0F4}.Debug|Any CPU.Build.0 = Debug|Any CPU
		{657DB082-D554-4D31-8848-86A108DCD0F4}.Release|Any CPU.ActiveCfg = Release|Any CPU
		{657DB082-D554-4D31-8848-86A108DCD0F4}.Release|Any CPU.Build.0 = Release|Any CPU
		{41C385FE-AC37-42CD-8939-A0B25C07B825}.Debug|Any CPU.ActiveCfg = Debug|Any CPU
		{41C385FE-AC37-42CD-8939-A0B25C07B825}.Debug|Any CPU.Build.0 = Debug|Any CPU
		{41C385FE-AC37-42CD-8939-A0B25C07B825}.Release|Any CPU.ActiveCfg = Release|Any CPU
		{41C385FE-AC37-42CD-8939-A0B25C07B825}.Release|Any CPU.Build.0 = Release|Any CPU
		{7ACB8D10-9B80-40FA-BBF0-53D3429D6A62}.Debug|Any CPU.ActiveCfg = Debug|Any CPU
		{7ACB8D10-9B80-40FA-BBF0-53D3429D6A62}.Debug|Any CPU.Build.0 = Debug|Any CPU
		{7ACB8D10-9B80-40FA-BBF0-53D3429D6A62}.Release|Any CPU.ActiveCfg = Release|Any CPU
		{7ACB8D10-9B80-40FA-BBF0-53D3429D6A62}.Release|Any CPU.Build.0 = Release|Any CPU
		{E7DA1D93-4785-42F2-9BA5-D4B78E345ED6}.Debug|Any CPU.ActiveCfg = Debug|Any CPU
		{E7DA1D93-4785-42F2-9BA5-D4B78E345ED6}.Debug|Any CPU.Build.0 = Debug|Any CPU
		{E7DA1D93-4785-42F2-9BA5-D4B78E345ED6}.Release|Any CPU.ActiveCfg = Release|Any CPU
		{E7DA1D93-4785-42F2-9BA5-D4B78E345ED6}.Release|Any CPU.Build.0 = Release|Any CPU
		{C02B1B7F-589D-4AC3-AFFC-3C1002C4E706}.Debug|Any CPU.ActiveCfg = Debug|Any CPU
		{C02B1B7F-589D-4AC3-AFFC-3C1002C4E706}.Debug|Any CPU.Build.0 = Debug|Any CPU
		{C02B1B7F-589D-4AC3-AFFC-3C1002C4E706}.Release|Any CPU.ActiveCfg = Release|Any CPU
		{C02B1B7F-589D-4AC3-AFFC-3C1002C4E706}.Release|Any CPU.Build.0 = Release|Any CPU
		{E28CC1B6-3299-498F-82AC-48EA1C344C48}.Debug|Any CPU.ActiveCfg = Debug|Any CPU
		{E28CC1B6-3299-498F-82AC-48EA1C344C48}.Debug|Any CPU.Build.0 = Debug|Any CPU
		{E28CC1B6-3299-498F-82AC-48EA1C344C48}.Release|Any CPU.ActiveCfg = Release|Any CPU
		{E28CC1B6-3299-498F-82AC-48EA1C344C48}.Release|Any CPU.Build.0 = Release|Any CPU
	EndGlobalSection
	GlobalSection(SolutionProperties) = preSolution
		HideSolutionNode = FALSE
	EndGlobalSection
	GlobalSection(ExtensibilityGlobals) = postSolution
		SolutionGuid = {216183AF-6C0C-436A-9020-D4BCCB700FA4}
	EndGlobalSection
	GlobalSection(NestedProjects) = preSolution
		{E28CC1B6-3299-498F-82AC-48EA1C344C48} = {6A2EC13C-F7E2-4AA7-A2F4-836D9A430230}
		{FEA822F8-6E69-4BC1-8366-2EEAF94B092C} = {E2F0449E-146C-4D5F-A6D5-4DDCD49D3C0D}
		{7ACB8D10-9B80-40FA-BBF0-53D3429D6A62} = {E2F0449E-146C-4D5F-A6D5-4DDCD49D3C0D}
		{E7DA1D93-4785-42F2-9BA5-D4B78E345ED6} = {E2F0449E-146C-4D5F-A6D5-4DDCD49D3C0D}
		{657DB082-D554-4D31-8848-86A108DCD0F4} = {E2F0449E-146C-4D5F-A6D5-4DDCD49D3C0D}
		{41C385FE-AC37-42CD-8939-A0B25C07B825} = {E2F0449E-146C-4D5F-A6D5-4DDCD49D3C0D}
		{05FD14D1-F6C7-4D93-83E9-8F6A4E5535F3} = {E2F0449E-146C-4D5F-A6D5-4DDCD49D3C0D}
		{B8C5A9AE-F0F8-4914-8587-5AF42EE53C97} = {E2F0449E-146C-4D5F-A6D5-4DDCD49D3C0D}
	EndGlobalSection
EndGlobal
