
Microsoft Visual Studio Solution File, Format Version 12.00
# Visual Studio Version 16
VisualStudioVersion = 16.0.31515.178
MinimumVisualStudioVersion = 10.0.40219.1
Project("{9A19103F-16F7-4668-BE54-9A1E7A4F7556}") = "dosymep.SimpleServices", "dosymep.SimpleServices\dosymep.SimpleServices.csproj", "{FEA822F8-6E69-4BC1-8366-2EEAF94B092C}"
EndProject
Project("{2150E333-8FDC-42A3-9474-1A3956D46DE8}") = "Solution Items", "Solution Items", "{9E6B3F10-C94B-4FBC-AC7E-DE2BE1196531}"
	ProjectSection(SolutionItems) = preProject
		.editorconfig = .editorconfig
		CONTRIBUTING.md = CONTRIBUTING.md
		CREDITS.md = CREDITS.md
		LICENSE.md = LICENSE.md
		README.md = README.md
	EndProjectSection
EndProject
Global
	GlobalSection(SolutionConfigurationPlatforms) = preSolution
		Debug|Any CPU = Debug|Any CPU
		Release|Any CPU = Release|Any CPU
	EndGlobalSection
	GlobalSection(ProjectConfigurationPlatforms) = postSolution
		{FEA822F8-6E69-4BC1-8366-2EEAF94B092C}.Debug|Any CPU.ActiveCfg = Debug|Any CPU
		{FEA822F8-6E69-4BC1-8366-2EEAF94B092C}.Debug|Any CPU.Build.0 = Debug|Any CPU
		{FEA822F8-6E69-4BC1-8366-2EEAF94B092C}.Release|Any CPU.ActiveCfg = Release|Any CPU
		{FEA822F8-6E69-4BC1-8366-2EEAF94B092C}.Release|Any CPU.Build.0 = Release|Any CPU
	EndGlobalSection
	GlobalSection(SolutionProperties) = preSolution
		HideSolutionNode = FALSE
	EndGlobalSection
	GlobalSection(ExtensibilityGlobals) = postSolution
		SolutionGuid = {216183AF-6C0C-436A-9020-D4BCCB700FA4}
	EndGlobalSection
EndGlobal
